<?xml version="1.0" encoding="utf-8"?>
<Project ToolsVersion="4.0" xmlns="http://schemas.microsoft.com/developer/msbuild/2003">
  <ItemGroup>
    <Filter Include="Source Files">
      <UniqueIdentifier>{4FC737F1-C7A5-4376-A066-2A32D752A2FF}</UniqueIdentifier>
      <Extensions>cpp;c;cc;cxx;def;odl;idl;hpj;bat;asm;asmx</Extensions>
    </Filter>
    <Filter Include="Header Files">
      <UniqueIdentifier>{93995380-89BD-4b04-88EB-625FBE52EBFB}</UniqueIdentifier>
      <Extensions>h;hh;hpp;hxx;hm;inl;inc;xsd</Extensions>
    </Filter>
    <Filter Include="Uniform Definitions">
      <UniqueIdentifier>{1ac18b7e-daf5-4828-a8cf-4f5cffaee181}</UniqueIdentifier>
    </Filter>
  </ItemGroup>
  <ItemGroup>
    <ClCompile Include="src\winmain.cpp">
      <Filter>Source Files</Filter>
    </ClCompile>
    <ClCompile Include="src\ui\ui.cpp">
      <Filter>Source Files</Filter>
    </ClCompile>
    <ClCompile Include="extern\stb_rect_pack\rectpack.c">
      <Filter>Source Files</Filter>
    </ClCompile>
    <ClCompile Include="src\ui\painter.cpp">
      <Filter>Source Files</Filter>
    </ClCompile>
    <ClCompile Include="src\ui\frame.cpp">
      <Filter>Source Files</Filter>
    </ClCompile>
    <ClCompile Include="src\ui\style.cpp">
      <Filter>Source Files</Filter>
    </ClCompile>
    <ClCompile Include="src\ui\layout.cpp">
      <Filter>Source Files</Filter>
    </ClCompile>
    <ClCompile Include="src\ui\button.cpp">
      <Filter>Source Files</Filter>
    </ClCompile>
    <ClCompile Include="Generated\uniforms.cpp">
      <Filter>Source Files</Filter>
    </ClCompile>
    <ClCompile Include="src\ui\slider.cpp">
      <Filter>Source Files</Filter>
    </ClCompile>
    <ClCompile Include="src\ui\label.cpp">
      <Filter>Source Files</Filter>
    </ClCompile>
    <ClCompile Include="src\ui\uicommon.cpp">
      <Filter>Source Files</Filter>
    </ClCompile>
    <ClCompile Include="src\ui\dropdown.cpp">
      <Filter>Source Files</Filter>
    </ClCompile>
    <ClCompile Include="src\win32\window.cpp">
      <Filter>Source Files</Filter>
    </ClCompile>
    <ClCompile Include="src\win32\input.cpp">
      <Filter>Source Files</Filter>
    </ClCompile>
    <ClCompile Include="src\gx\buffer.cpp">
      <Filter>Source Files</Filter>
    </ClCompile>
    <ClCompile Include="src\gx\pipeline.cpp">
      <Filter>Source Files</Filter>
    </ClCompile>
    <ClCompile Include="src\gx\program.cpp">
      <Filter>Source Files</Filter>
    </ClCompile>
    <ClCompile Include="src\gx\texture.cpp">
      <Filter>Source Files</Filter>
    </ClCompile>
    <ClCompile Include="src\gx\framebuffer.cpp">
      <Filter>Source Files</Filter>
    </ClCompile>
    <ClCompile Include="src\gx\vertex.cpp">
      <Filter>Source Files</Filter>
    </ClCompile>
    <ClCompile Include="src\ft\font.cpp">
      <Filter>Source Files</Filter>
    </ClCompile>
    <ClCompile Include="src\math\intrin.cpp">
      <Filter>Source Files</Filter>
    </ClCompile>
    <ClCompile Include="src\gx\gx.cpp">
      <Filter>Source Files</Filter>
    </ClCompile>
    <ClCompile Include="src\win32\cpuid.cpp">
      <Filter>Source Files</Filter>
    </ClCompile>
    <ClCompile Include="src\win32\panic.cpp">
      <Filter>Source Files</Filter>
    </ClCompile>
    <ClCompile Include="src\game\game.cpp">
      <Filter>Source Files</Filter>
    </ClCompile>
    <ClCompile Include="src\ui\cursor.cpp">
      <Filter>Source Files</Filter>
    </ClCompile>
    <ClCompile Include="src\win32\time.cpp">
      <Filter>Source Files</Filter>
    </ClCompile>
    <ClCompile Include="src\win32\win32.cpp">
      <Filter>Source Files</Filter>
    </ClCompile>
    <ClCompile Include="src\util\format.cpp">
      <Filter>Source Files</Filter>
    </ClCompile>
    <ClCompile Include="src\math\transform.cpp">
      <Filter>Source Files</Filter>
    </ClCompile>
    <ClCompile Include="src\win32\file.cpp">
      <Filter>Source Files</Filter>
    </ClCompile>
    <ClCompile Include="src\util\ref.cpp">
      <Filter>Source Files</Filter>
    </ClCompile>
    <ClCompile Include="src\ui\drawable.cpp">
      <Filter>Source Files</Filter>
    </ClCompile>
    <ClCompile Include="src\util\allocator.cpp">
      <Filter>Source Files</Filter>
    </ClCompile>
    <ClCompile Include="src\ui\textbox.cpp">
      <Filter>Source Files</Filter>
    </ClCompile>
    <ClCompile Include="src\ui\animation.cpp">
      <Filter>Source Files</Filter>
    </ClCompile>
    <ClCompile Include="src\math\compare.cpp">
      <Filter>Source Files</Filter>
    </ClCompile>
    <ClCompile Include="src\win32\clipboard.cpp">
      <Filter>Source Files</Filter>
    </ClCompile>
    <ClCompile Include="src\ui\console.cpp">
      <Filter>Source Files</Filter>
    </ClCompile>
    <ClCompile Include="extern\GL\gl3w.c">
      <Filter>Source Files</Filter>
    </ClCompile>
    <ClCompile Include="src\win32\stdstream.cpp">
      <Filter>Source Files</Filter>
    </ClCompile>
    <ClCompile Include="src\yaml\node.cpp">
      <Filter>Source Files</Filter>
    </ClCompile>
    <ClCompile Include="src\yaml\document.cpp">
      <Filter>Source Files</Filter>
    </ClCompile>
    <ClCompile Include="src\util\hash.cpp">
      <Filter>Source Files</Filter>
    </ClCompile>
    <ClCompile Include="src\res\res.cpp">
      <Filter>Source Files</Filter>
    </ClCompile>
    <ClCompile Include="src\win32\thread.cpp">
      <Filter>Source Files</Filter>
    </ClCompile>
    <ClCompile Include="src\res\manager.cpp">
      <Filter>Source Files</Filter>
    </ClCompile>
    <ClCompile Include="src\res\resource.cpp">
      <Filter>Source Files</Filter>
    </ClCompile>
    <ClCompile Include="src\res\text.cpp">
      <Filter>Source Files</Filter>
    </ClCompile>
    <ClCompile Include="src\res\cache.cpp">
      <Filter>Source Files</Filter>
    </ClCompile>
    <ClCompile Include="src\util\staticstring.cpp">
      <Filter>Source Files</Filter>
    </ClCompile>
    <ClCompile Include="src\res\loader.cpp">
      <Filter>Source Files</Filter>
    </ClCompile>
    <ClCompile Include="src\win32\event.cpp">
      <Filter>Source Files</Filter>
    </ClCompile>
    <ClCompile Include="src\win32\waitable.cpp">
      <Filter>Source Files</Filter>
    </ClCompile>
    <ClCompile Include="src\win32\handle.cpp">
      <Filter>Source Files</Filter>
    </ClCompile>
    <ClCompile Include="src\yaml\schema.cpp">
      <Filter>Source Files</Filter>
    </ClCompile>
    <ClCompile Include="src\ft\cache.cpp">
      <Filter>Source Files</Filter>
    </ClCompile>
    <ClCompile Include="src\res\shader.cpp">
      <Filter>Source Files</Filter>
    </ClCompile>
    <ClCompile Include="src\game\cmdline.cpp">
      <Filter>Source Files</Filter>
    </ClCompile>
    <ClCompile Include="src\util\opts.cpp">
      <Filter>Source Files</Filter>
    </ClCompile>
    <ClCompile Include="extern\stb_image\image.c">
      <Filter>Source Files</Filter>
    </ClCompile>
    <ClCompile Include="src\win32\mman.cpp">
      <Filter>Source Files</Filter>
    </ClCompile>
    <ClCompile Include="src\py\modules\mathmodule.cpp">
      <Filter>Source Files</Filter>
    </ClCompile>
    <ClCompile Include="src\py\modules\resmodule.cpp">
      <Filter>Source Files</Filter>
    </ClCompile>
    <ClCompile Include="src\py\modules\win32module.cpp">
      <Filter>Source Files</Filter>
    </ClCompile>
    <ClCompile Include="src\py\modules\yamlmodule.cpp">
      <Filter>Source Files</Filter>
    </ClCompile>
    <ClCompile Include="src\py\collections.cpp">
      <Filter>Source Files</Filter>
    </ClCompile>
    <ClCompile Include="src\py\exception.cpp">
      <Filter>Source Files</Filter>
    </ClCompile>
    <ClCompile Include="src\py\module.cpp">
      <Filter>Source Files</Filter>
    </ClCompile>
    <ClCompile Include="src\py\object.cpp">
      <Filter>Source Files</Filter>
    </ClCompile>
    <ClCompile Include="src\py\python.cpp">
      <Filter>Source Files</Filter>
    </ClCompile>
    <ClCompile Include="src\py\types.cpp">
      <Filter>Source Files</Filter>
    </ClCompile>
    <ClCompile Include="src\cli\cli.cpp">
      <Filter>Source Files</Filter>
    </ClCompile>
    <ClCompile Include="src\ui\event.cpp">
      <Filter>Source Files</Filter>
    </ClCompile>
    <ClCompile Include="src\cli\resourcegen.cpp">
      <Filter>Source Files</Filter>
    </ClCompile>
    <ClCompile Include="src\util\str.cpp">
      <Filter>Source Files</Filter>
    </ClCompile>
    <ClCompile Include="src\cli\sh.cpp">
      <Filter>Source Files</Filter>
    </ClCompile>
    <ClCompile Include="src\res\image.cpp">
      <Filter>Source Files</Filter>
    </ClCompile>
  </ItemGroup>
  <ItemGroup>
    <ClInclude Include="extern\stb_rect_pack\stb_rect_pack.h">
      <Filter>Header Files</Filter>
    </ClInclude>
    <ClInclude Include="include\ui\ui.h">
      <Filter>Header Files</Filter>
    </ClInclude>
    <ClInclude Include="include\common.h">
      <Filter>Header Files</Filter>
    </ClInclude>
    <ClInclude Include="include\ui\painter.h">
      <Filter>Header Files</Filter>
    </ClInclude>
    <ClInclude Include="include\ui\style.h">
      <Filter>Header Files</Filter>
    </ClInclude>
    <ClInclude Include="include\ui\frame.h">
      <Filter>Header Files</Filter>
    </ClInclude>
    <ClInclude Include="include\ui\layout.h">
      <Filter>Header Files</Filter>
    </ClInclude>
    <ClInclude Include="include\ui\button.h">
      <Filter>Header Files</Filter>
    </ClInclude>
    <ClInclude Include="Generated\uniforms.h">
      <Filter>Header Files</Filter>
    </ClInclude>
    <ClInclude Include="include\ui\slider.h">
      <Filter>Header Files</Filter>
    </ClInclude>
    <ClInclude Include="include\ui\label.h">
      <Filter>Header Files</Filter>
    </ClInclude>
    <ClInclude Include="include\ui\uicommon.h">
      <Filter>Header Files</Filter>
    </ClInclude>
    <ClInclude Include="include\ui\dropdown.h">
      <Filter>Header Files</Filter>
    </ClInclude>
    <ClInclude Include="include\gx\gx.h">
      <Filter>Header Files</Filter>
    </ClInclude>
    <ClInclude Include="include\gx\framebuffer.h">
      <Filter>Header Files</Filter>
    </ClInclude>
    <ClInclude Include="include\gx\buffer.h">
      <Filter>Header Files</Filter>
    </ClInclude>
    <ClInclude Include="include\gx\pipeline.h">
      <Filter>Header Files</Filter>
    </ClInclude>
    <ClInclude Include="include\gx\program.h">
      <Filter>Header Files</Filter>
    </ClInclude>
    <ClInclude Include="include\gx\texture.h">
      <Filter>Header Files</Filter>
    </ClInclude>
    <ClInclude Include="include\gx\vertex.h">
      <Filter>Header Files</Filter>
    </ClInclude>
    <ClInclude Include="include\win32\window.h">
      <Filter>Header Files</Filter>
    </ClInclude>
    <ClInclude Include="include\win32\input.h">
      <Filter>Header Files</Filter>
    </ClInclude>
    <ClInclude Include="include\ft\font.h">
      <Filter>Header Files</Filter>
    </ClInclude>
    <ClInclude Include="include\math\geometry.h">
      <Filter>Header Files</Filter>
    </ClInclude>
    <ClInclude Include="include\win32\cpuid.h">
      <Filter>Header Files</Filter>
    </ClInclude>
    <ClInclude Include="include\win32\panic.h">
      <Filter>Header Files</Filter>
    </ClInclude>
    <ClInclude Include="include\math\intrin.h">
      <Filter>Header Files</Filter>
    </ClInclude>
    <ClInclude Include="include\game\game.h">
      <Filter>Header Files</Filter>
    </ClInclude>
    <ClInclude Include="include\ui\cursor.h">
      <Filter>Header Files</Filter>
    </ClInclude>
    <ClInclude Include="include\win32\time.h">
      <Filter>Header Files</Filter>
    </ClInclude>
    <ClInclude Include="include\win32\win32.h">
      <Filter>Header Files</Filter>
    </ClInclude>
    <ClInclude Include="include\util\format.h">
      <Filter>Header Files</Filter>
    </ClInclude>
    <ClInclude Include="include\math\transform.h">
      <Filter>Header Files</Filter>
    </ClInclude>
    <ClInclude Include="include\win32\file.h">
      <Filter>Header Files</Filter>
    </ClInclude>
    <ClInclude Include="include\util\ref.h">
      <Filter>Header Files</Filter>
    </ClInclude>
    <ClInclude Include="include\ui\drawable.h">
      <Filter>Header Files</Filter>
    </ClInclude>
    <ClInclude Include="include\util\allocator.h">
      <Filter>Header Files</Filter>
    </ClInclude>
    <ClInclude Include="include\ui\textbox.h">
      <Filter>Header Files</Filter>
    </ClInclude>
    <ClInclude Include="include\ui\animation.h">
      <Filter>Header Files</Filter>
    </ClInclude>
    <ClInclude Include="include\math\compare.h">
      <Filter>Header Files</Filter>
    </ClInclude>
    <ClInclude Include="include\util\ringbuffer.h">
      <Filter>Header Files</Filter>
    </ClInclude>
    <ClInclude Include="include\util\bit.h">
      <Filter>Header Files</Filter>
    </ClInclude>
    <ClInclude Include="include\win32\clipboard.h">
      <Filter>Header Files</Filter>
    </ClInclude>
    <ClInclude Include="include\ui\console.h">
      <Filter>Header Files</Filter>
    </ClInclude>
    <ClInclude Include="extern\GL\gl3w.h">
      <Filter>Header Files</Filter>
    </ClInclude>
    <ClInclude Include="extern\GL\glcorearb.h">
      <Filter>Header Files</Filter>
    </ClInclude>
    <ClInclude Include="extern\GL\wgl.h">
      <Filter>Header Files</Filter>
    </ClInclude>
    <ClInclude Include="include\win32\stdstream.h">
      <Filter>Header Files</Filter>
    </ClInclude>
    <ClInclude Include="include\yaml\document.h">
      <Filter>Header Files</Filter>
    </ClInclude>
    <ClInclude Include="include\yaml\node.h">
      <Filter>Header Files</Filter>
    </ClInclude>
    <ClInclude Include="include\util\hash.h">
      <Filter>Header Files</Filter>
    </ClInclude>
    <ClInclude Include="include\res\res.h">
      <Filter>Header Files</Filter>
    </ClInclude>
    <ClInclude Include="include\win32\thread.h">
      <Filter>Header Files</Filter>
    </ClInclude>
    <ClInclude Include="include\res\manager.h">
      <Filter>Header Files</Filter>
    </ClInclude>
    <ClInclude Include="include\res\resource.h">
      <Filter>Header Files</Filter>
    </ClInclude>
    <ClInclude Include="include\res\text.h">
      <Filter>Header Files</Filter>
    </ClInclude>
    <ClInclude Include="include\res\cache.h">
      <Filter>Header Files</Filter>
    </ClInclude>
    <ClInclude Include="include\util\staticstring.h">
      <Filter>Header Files</Filter>
    </ClInclude>
    <ClInclude Include="include\res\loader.h">
      <Filter>Header Files</Filter>
    </ClInclude>
    <ClInclude Include="include\win32\event.h">
      <Filter>Header Files</Filter>
    </ClInclude>
    <ClInclude Include="include\win32\waitable.h">
      <Filter>Header Files</Filter>
    </ClInclude>
    <ClInclude Include="include\win32\handle.h">
      <Filter>Header Files</Filter>
    </ClInclude>
    <ClInclude Include="include\yaml\schema.h">
      <Filter>Header Files</Filter>
    </ClInclude>
    <ClInclude Include="include\ft\cache.h">
      <Filter>Header Files</Filter>
    </ClInclude>
    <ClInclude Include="include\res\shader.h">
      <Filter>Header Files</Filter>
    </ClInclude>
    <ClInclude Include="include\game\cmdline.h">
      <Filter>Header Files</Filter>
    </ClInclude>
    <ClInclude Include="include\util\opts.h">
      <Filter>Header Files</Filter>
    </ClInclude>
    <ClInclude Include="extern\stb_image\stb_image.h">
      <Filter>Header Files</Filter>
    </ClInclude>
    <ClInclude Include="include\win32\mman.h">
      <Filter>Header Files</Filter>
    </ClInclude>
    <ClInclude Include="include\py\modules\mathmodule.h">
      <Filter>Header Files</Filter>
    </ClInclude>
    <ClInclude Include="include\py\modules\resmodule.h">
      <Filter>Header Files</Filter>
    </ClInclude>
    <ClInclude Include="include\py\modules\win32module.h">
      <Filter>Header Files</Filter>
    </ClInclude>
    <ClInclude Include="include\py\modules\yamlmodule.h">
      <Filter>Header Files</Filter>
    </ClInclude>
    <ClInclude Include="include\py\collections.h">
      <Filter>Header Files</Filter>
    </ClInclude>
    <ClInclude Include="include\py\exception.h">
      <Filter>Header Files</Filter>
    </ClInclude>
    <ClInclude Include="include\py\module.h">
      <Filter>Header Files</Filter>
    </ClInclude>
    <ClInclude Include="include\py\object.h">
      <Filter>Header Files</Filter>
    </ClInclude>
    <ClInclude Include="include\py\python.h">
      <Filter>Header Files</Filter>
    </ClInclude>
    <ClInclude Include="include\py\types.h">
      <Filter>Header Files</Filter>
    </ClInclude>
    <ClInclude Include="include\cli\cli.h">
      <Filter>Header Files</Filter>
    </ClInclude>
    <ClInclude Include="include\ui\event.h">
      <Filter>Header Files</Filter>
    </ClInclude>
    <ClInclude Include="include\cli\resourcegen.h">
      <Filter>Header Files</Filter>
    </ClInclude>
    <ClInclude Include="include\util\str.h">
      <Filter>Header Files</Filter>
    </ClInclude>
    <ClInclude Include="include\cli\sh.h">
      <Filter>Header Files</Filter>
    </ClInclude>
    <ClInclude Include="include\res\image.h">
      <Filter>Header Files</Filter>
    </ClInclude>
  </ItemGroup>
  <ItemGroup>
    <None Include="src\program.uniform">
      <Filter>Uniform Definitions</Filter>
    </None>
    <None Include="src\tex.uniform">
      <Filter>Uniform Definitions</Filter>
    </None>
    <None Include="src\ft\font.uniform">
      <Filter>Uniform Definitions</Filter>
    </None>
    <None Include="src\ui\ui.uniform">
      <Filter>Uniform Definitions</Filter>
    </None>
    <None Include="src\ui\cursor.uniform">
      <Filter>Uniform Definitions</Filter>
    </None>
  </ItemGroup>
</Project>